
Microsoft Visual Studio Solution File, Format Version 12.00
Project("{FAE04EC0-301F-11D3-BF4B-00C04F79EFBC}") = "Singleton", "Singleton\Singleton.csproj", "{BEBB40DF-533B-43E7-BBE1-7A9D1917C43E}"
EndProject
Global
	GlobalSection(SolutionConfigurationPlatforms) = preSolution
		Debug|Any CPU = Debug|Any CPU
		Release|Any CPU = Release|Any CPU
	EndGlobalSection
	GlobalSection(ProjectConfigurationPlatforms) = postSolution
		{BEBB40DF-533B-43E7-BBE1-7A9D1917C43E}.Debug|Any CPU.ActiveCfg = Debug|Any CPU
		{BEBB40DF-533B-43E7-BBE1-7A9D1917C43E}.Debug|Any CPU.Build.0 = Debug|Any CPU
		{BEBB40DF-533B-43E7-BBE1-7A9D1917C43E}.Release|Any CPU.ActiveCfg = Release|Any CPU
		{BEBB40DF-533B-43E7-BBE1-7A9D1917C43E}.Release|Any CPU.Build.0 = Release|Any CPU
	EndGlobalSection
EndGlobal
