
Microsoft Visual Studio Solution File, Format Version 12.00
Project("{FAE04EC0-301F-11D3-BF4B-00C04F79EFBC}") = "Singleton", "Singleton\Singleton.csproj", "{BEBB40DF-533B-43E7-BBE1-7A9D1917C43E}"
EndProject
Project("{FAE04EC0-301F-11D3-BF4B-00C04F79EFBC}") = "Builder", "Builder\Builder.csproj", "{D8BC4952-1914-4857-A8AF-8BCF078F0220}"
EndProject
Project("{FAE04EC0-301F-11D3-BF4B-00C04F79EFBC}") = "Prototype", "Prototype\Prototype.csproj", "{9D275679-E27F-40E7-B251-B8414476FB29}"
EndProject
Project("{FAE04EC0-301F-11D3-BF4B-00C04F79EFBC}") = "AbstractFactory", "AbstractFactory\AbstractFactory.csproj", "{BD91DC54-3B4B-43DE-9C09-DBBA2E87DAED}"
EndProject
Project("{FAE04EC0-301F-11D3-BF4B-00C04F79EFBC}") = "Composite", "Composite\Composite.csproj", "{4C4F0C21-5196-48FA-87A5-45E26E91003C}"
EndProject
Project("{FAE04EC0-301F-11D3-BF4B-00C04F79EFBC}") = "Adapter", "Adapter\Adapter.csproj", "{CDD2CDC4-03C0-4C86-B703-9BEDB399EA2B}"
EndProject
Project("{FAE04EC0-301F-11D3-BF4B-00C04F79EFBC}") = "Decorator", "Decorator\Decorator.csproj", "{E8796EAE-08A1-40B5-8F06-00170CB1FEE4}"
EndProject
Project("{FAE04EC0-301F-11D3-BF4B-00C04F79EFBC}") = "ChainOfResponsibility", "ChainOfResponsibility\ChainOfResponsibility.csproj", "{5F8FF97C-D3F0-4379-8704-3AE970CBD5AE}"
EndProject
Project("{FAE04EC0-301F-11D3-BF4B-00C04F79EFBC}") = "Flyweight", "Flyweight\Flyweight.csproj", "{2044F6A8-72BD-4507-9C2F-E91002CA012B}"
EndProject
Project("{FAE04EC0-301F-11D3-BF4B-00C04F79EFBC}") = "State", "State\State.csproj", "{872B4C41-ECA7-4F3C-8DD7-718C76A691B2}"
EndProject
Project("{FAE04EC0-301F-11D3-BF4B-00C04F79EFBC}") = "Observer", "Observer\Observer.csproj", "{145C8FB0-901D-473C-B87D-E061C44D0469}"
EndProject
Global
	GlobalSection(SolutionConfigurationPlatforms) = preSolution
		Debug|Any CPU = Debug|Any CPU
		Release|Any CPU = Release|Any CPU
	EndGlobalSection
	GlobalSection(ProjectConfigurationPlatforms) = postSolution
		{BEBB40DF-533B-43E7-BBE1-7A9D1917C43E}.Debug|Any CPU.ActiveCfg = Debug|Any CPU
		{BEBB40DF-533B-43E7-BBE1-7A9D1917C43E}.Debug|Any CPU.Build.0 = Debug|Any CPU
		{BEBB40DF-533B-43E7-BBE1-7A9D1917C43E}.Release|Any CPU.ActiveCfg = Release|Any CPU
		{BEBB40DF-533B-43E7-BBE1-7A9D1917C43E}.Release|Any CPU.Build.0 = Release|Any CPU
		{D8BC4952-1914-4857-A8AF-8BCF078F0220}.Debug|Any CPU.ActiveCfg = Debug|Any CPU
		{D8BC4952-1914-4857-A8AF-8BCF078F0220}.Debug|Any CPU.Build.0 = Debug|Any CPU
		{D8BC4952-1914-4857-A8AF-8BCF078F0220}.Release|Any CPU.ActiveCfg = Release|Any CPU
		{D8BC4952-1914-4857-A8AF-8BCF078F0220}.Release|Any CPU.Build.0 = Release|Any CPU
		{9D275679-E27F-40E7-B251-B8414476FB29}.Debug|Any CPU.ActiveCfg = Debug|Any CPU
		{9D275679-E27F-40E7-B251-B8414476FB29}.Debug|Any CPU.Build.0 = Debug|Any CPU
		{9D275679-E27F-40E7-B251-B8414476FB29}.Release|Any CPU.ActiveCfg = Release|Any CPU
		{9D275679-E27F-40E7-B251-B8414476FB29}.Release|Any CPU.Build.0 = Release|Any CPU
		{BD91DC54-3B4B-43DE-9C09-DBBA2E87DAED}.Debug|Any CPU.ActiveCfg = Debug|Any CPU
		{BD91DC54-3B4B-43DE-9C09-DBBA2E87DAED}.Debug|Any CPU.Build.0 = Debug|Any CPU
		{BD91DC54-3B4B-43DE-9C09-DBBA2E87DAED}.Release|Any CPU.ActiveCfg = Release|Any CPU
		{BD91DC54-3B4B-43DE-9C09-DBBA2E87DAED}.Release|Any CPU.Build.0 = Release|Any CPU
		{4C4F0C21-5196-48FA-87A5-45E26E91003C}.Debug|Any CPU.ActiveCfg = Debug|Any CPU
		{4C4F0C21-5196-48FA-87A5-45E26E91003C}.Debug|Any CPU.Build.0 = Debug|Any CPU
		{4C4F0C21-5196-48FA-87A5-45E26E91003C}.Release|Any CPU.ActiveCfg = Release|Any CPU
		{4C4F0C21-5196-48FA-87A5-45E26E91003C}.Release|Any CPU.Build.0 = Release|Any CPU
		{CDD2CDC4-03C0-4C86-B703-9BEDB399EA2B}.Debug|Any CPU.ActiveCfg = Debug|Any CPU
		{CDD2CDC4-03C0-4C86-B703-9BEDB399EA2B}.Debug|Any CPU.Build.0 = Debug|Any CPU
		{CDD2CDC4-03C0-4C86-B703-9BEDB399EA2B}.Release|Any CPU.ActiveCfg = Release|Any CPU
		{CDD2CDC4-03C0-4C86-B703-9BEDB399EA2B}.Release|Any CPU.Build.0 = Release|Any CPU
		{E8796EAE-08A1-40B5-8F06-00170CB1FEE4}.Debug|Any CPU.ActiveCfg = Debug|Any CPU
		{E8796EAE-08A1-40B5-8F06-00170CB1FEE4}.Debug|Any CPU.Build.0 = Debug|Any CPU
		{E8796EAE-08A1-40B5-8F06-00170CB1FEE4}.Release|Any CPU.ActiveCfg = Release|Any CPU
		{E8796EAE-08A1-40B5-8F06-00170CB1FEE4}.Release|Any CPU.Build.0 = Release|Any CPU
		{5F8FF97C-D3F0-4379-8704-3AE970CBD5AE}.Debug|Any CPU.ActiveCfg = Debug|Any CPU
		{5F8FF97C-D3F0-4379-8704-3AE970CBD5AE}.Debug|Any CPU.Build.0 = Debug|Any CPU
		{5F8FF97C-D3F0-4379-8704-3AE970CBD5AE}.Release|Any CPU.ActiveCfg = Release|Any CPU
		{5F8FF97C-D3F0-4379-8704-3AE970CBD5AE}.Release|Any CPU.Build.0 = Release|Any CPU
		{2044F6A8-72BD-4507-9C2F-E91002CA012B}.Debug|Any CPU.ActiveCfg = Debug|Any CPU
		{2044F6A8-72BD-4507-9C2F-E91002CA012B}.Debug|Any CPU.Build.0 = Debug|Any CPU
		{2044F6A8-72BD-4507-9C2F-E91002CA012B}.Release|Any CPU.ActiveCfg = Release|Any CPU
		{2044F6A8-72BD-4507-9C2F-E91002CA012B}.Release|Any CPU.Build.0 = Release|Any CPU
		{872B4C41-ECA7-4F3C-8DD7-718C76A691B2}.Debug|Any CPU.ActiveCfg = Debug|Any CPU
		{872B4C41-ECA7-4F3C-8DD7-718C76A691B2}.Debug|Any CPU.Build.0 = Debug|Any CPU
		{872B4C41-ECA7-4F3C-8DD7-718C76A691B2}.Release|Any CPU.ActiveCfg = Release|Any CPU
		{872B4C41-ECA7-4F3C-8DD7-718C76A691B2}.Release|Any CPU.Build.0 = Release|Any CPU
		{145C8FB0-901D-473C-B87D-E061C44D0469}.Debug|Any CPU.ActiveCfg = Debug|Any CPU
		{145C8FB0-901D-473C-B87D-E061C44D0469}.Debug|Any CPU.Build.0 = Debug|Any CPU
		{145C8FB0-901D-473C-B87D-E061C44D0469}.Release|Any CPU.ActiveCfg = Release|Any CPU
		{145C8FB0-901D-473C-B87D-E061C44D0469}.Release|Any CPU.Build.0 = Release|Any CPU
	EndGlobalSection
EndGlobal
